// !$*UTF8*$!
{
	archiveVersion = 1;
	classes = {
	};
	objectVersion = 50;
	objects = {

/* Begin PBXBuildFile section */
		530A3C8321074D8100F6FF20 /* AppDelegate.swift in Sources */ = {isa = PBXBuildFile; fileRef = 530A3C8221074D8100F6FF20 /* AppDelegate.swift */; };
		530A3C8521074D8100F6FF20 /* ViewController.swift in Sources */ = {isa = PBXBuildFile; fileRef = 530A3C8421074D8100F6FF20 /* ViewController.swift */; };
		530A3C8B21074D8100F6FF20 /* goldbac.xcdatamodeld in Sources */ = {isa = PBXBuildFile; fileRef = 530A3C8921074D8100F6FF20 /* goldbac.xcdatamodeld */; };
		530A3C8D21074D8200F6FF20 /* Assets.xcassets in Resources */ = {isa = PBXBuildFile; fileRef = 530A3C8C21074D8200F6FF20 /* Assets.xcassets */; };
		530A3C9021074D8200F6FF20 /* LaunchScreen.storyboard in Resources */ = {isa = PBXBuildFile; fileRef = 530A3C8E21074D8200F6FF20 /* LaunchScreen.storyboard */; };
		5322ED96210C960A0094301F /* DateExtensions.swift in Sources */ = {isa = PBXBuildFile; fileRef = 5322ED95210C960A0094301F /* DateExtensions.swift */; };
		534B22E9210AD7F5007F1DA6 /* SimulateChangeTransaction.swift in Sources */ = {isa = PBXBuildFile; fileRef = 534B22E8210AD7F5007F1DA6 /* SimulateChangeTransaction.swift */; };
		5353B76B2114007000ED45A6 /* Transaction.swift in Sources */ = {isa = PBXBuildFile; fileRef = 5353B76A2114007000ED45A6 /* Transaction.swift */; };
		5353B76D211400E100ED45A6 /* SimulateData.swift in Sources */ = {isa = PBXBuildFile; fileRef = 5353B76C211400E100ED45A6 /* SimulateData.swift */; };
		5353B78C211429A500ED45A6 /* TransactionUpdateFlows.swift in Sources */ = {isa = PBXBuildFile; fileRef = 5353B78B211429A500ED45A6 /* TransactionUpdateFlows.swift */; };
		5353B799211465BD00ED45A6 /* TransactionCoreData+CoreDataClass.swift in Sources */ = {isa = PBXBuildFile; fileRef = 5353B793211465BD00ED45A6 /* TransactionCoreData+CoreDataClass.swift */; };
		5353B79A211465BD00ED45A6 /* TransactionCoreData+CoreDataProperties.swift in Sources */ = {isa = PBXBuildFile; fileRef = 5353B794211465BD00ED45A6 /* TransactionCoreData+CoreDataProperties.swift */; };
		5353B79B211465BD00ED45A6 /* AccountCoreData+CoreDataClass.swift in Sources */ = {isa = PBXBuildFile; fileRef = 5353B795211465BD00ED45A6 /* AccountCoreData+CoreDataClass.swift */; };
		5353B79C211465BD00ED45A6 /* AccountCoreData+CoreDataProperties.swift in Sources */ = {isa = PBXBuildFile; fileRef = 5353B796211465BD00ED45A6 /* AccountCoreData+CoreDataProperties.swift */; };
		5353B79D211465BD00ED45A6 /* MonthCoreData+CoreDataClass.swift in Sources */ = {isa = PBXBuildFile; fileRef = 5353B797211465BD00ED45A6 /* MonthCoreData+CoreDataClass.swift */; };
		5353B79E211465BD00ED45A6 /* MonthCoreData+CoreDataProperties.swift in Sources */ = {isa = PBXBuildFile; fileRef = 5353B798211465BD00ED45A6 /* MonthCoreData+CoreDataProperties.swift */; };
		5353B7A021155A8200ED45A6 /* SingleEvent.swift in Sources */ = {isa = PBXBuildFile; fileRef = 5353B79F21155A8200ED45A6 /* SingleEvent.swift */; };
		5353B7A221155ADA00ED45A6 /* PrintThingsOut.swift in Sources */ = {isa = PBXBuildFile; fileRef = 5353B7A121155ADA00ED45A6 /* PrintThingsOut.swift */; };
		5353B7A421155B2A00ED45A6 /* ClearData.swift in Sources */ = {isa = PBXBuildFile; fileRef = 5353B7A321155B2A00ED45A6 /* ClearData.swift */; };
		5353B7A621155B6600ED45A6 /* SimulateAccounts.swift in Sources */ = {isa = PBXBuildFile; fileRef = 5353B7A521155B6600ED45A6 /* SimulateAccounts.swift */; };
		5353B7A821155B9300ED45A6 /* SimulateTransactions.swift in Sources */ = {isa = PBXBuildFile; fileRef = 5353B7A721155B9300ED45A6 /* SimulateTransactions.swift */; };
		5353B7AC21155E8300ED45A6 /* CoreDataTranslation.swift in Sources */ = {isa = PBXBuildFile; fileRef = 5353B7AB21155E8300ED45A6 /* CoreDataTranslation.swift */; };
		5353B7AE2115AA6A00ED45A6 /* TransactionToCloudKit.swift in Sources */ = {isa = PBXBuildFile; fileRef = 5353B7AD2115AA6A00ED45A6 /* TransactionToCloudKit.swift */; };
		5353B7B02115AA8F00ED45A6 /* TransactionObservers.swift in Sources */ = {isa = PBXBuildFile; fileRef = 5353B7AF2115AA8F00ED45A6 /* TransactionObservers.swift */; };
		53759D85210757FC0006C718 /* AccountCustomExtension.swift in Sources */ = {isa = PBXBuildFile; fileRef = 53759D81210757FC0006C718 /* AccountCustomExtension.swift */; };
		53759D9321080C600006C718 /* TransactionCustomExtension.swift in Sources */ = {isa = PBXBuildFile; fileRef = 53759D9221080C600006C718 /* TransactionCustomExtension.swift */; };
		53759D9621082C360006C718 /* CoreData.swift in Sources */ = {isa = PBXBuildFile; fileRef = 53759D9521082C360006C718 /* CoreData.swift */; };
		53759D9B210892420006C718 /* SimulateTransaction.swift in Sources */ = {isa = PBXBuildFile; fileRef = 53759D9A210892420006C718 /* SimulateTransaction.swift */; };
		5379B672210954CA00307909 /* DateFormat.swift in Sources */ = {isa = PBXBuildFile; fileRef = 5379B671210954CA00307909 /* DateFormat.swift */; };
		5379B6742109C7DB00307909 /* PeriodicTransactions.swift in Sources */ = {isa = PBXBuildFile; fileRef = 5379B6732109C7DB00307909 /* PeriodicTransactions.swift */; };
		5379B6762109D46500307909 /* SimulationHelper.swift in Sources */ = {isa = PBXBuildFile; fileRef = 5379B6752109D46500307909 /* SimulationHelper.swift */; };
		5379B67B2109D92F00307909 /* CoreDataSimulation.swift in Sources */ = {isa = PBXBuildFile; fileRef = 5379B67A2109D92F00307909 /* CoreDataSimulation.swift */; };
		53839FD4210C74EE00F469EF /* TransationUpdateFlows.swift in Sources */ = {isa = PBXBuildFile; fileRef = 53839FD3210C74EE00F469EF /* TransationUpdateFlows.swift */; };
		539E45972112A481002096BD /* Account.swift in Sources */ = {isa = PBXBuildFile; fileRef = 539E45962112A481002096BD /* Account.swift */; };
		53ABB74F2115D90F009DE57B /* TalkToCloudkit.swift in Sources */ = {isa = PBXBuildFile; fileRef = 53ABB74E2115D90F009DE57B /* TalkToCloudkit.swift */; };
		53ABB7512115D94E009DE57B /* CloudKit.swift in Sources */ = {isa = PBXBuildFile; fileRef = 53ABB7502115D94E009DE57B /* CloudKit.swift */; };
		53ABB7532115E319009DE57B /* Application.swift in Sources */ = {isa = PBXBuildFile; fileRef = 53ABB7522115E319009DE57B /* Application.swift */; };
		53C84546211083A50076A8E5 /* NumberExtensions.swift in Sources */ = {isa = PBXBuildFile; fileRef = 53C84545211083A50076A8E5 /* NumberExtensions.swift */; };
		53C845482110917A0076A8E5 /* FilePaper.swift in Sources */ = {isa = PBXBuildFile; fileRef = 53C845472110917A0076A8E5 /* FilePaper.swift */; };
		53D8879B210DC43B00A57277 /* SplitTransactions.swift in Sources */ = {isa = PBXBuildFile; fileRef = 53D8879A210DC43B00A57277 /* SplitTransactions.swift */; };
		53E39921210B29CE00A31B41 /* TransactionForAccount.swift in Sources */ = {isa = PBXBuildFile; fileRef = 53E39920210B29CE00A31B41 /* TransactionForAccount.swift */; };
		53F2912B210DF5D900BDEB60 /* FlowCustomExtension.swift in Sources */ = {isa = PBXBuildFile; fileRef = 53F2912A210DF5D800BDEB60 /* FlowCustomExtension.swift */; };
		53F29139210F12BF00BDEB60 /* MonthlyCustomExtensions.swift in Sources */ = {isa = PBXBuildFile; fileRef = 53F29138210F12BF00BDEB60 /* MonthlyCustomExtensions.swift */; };
/* End PBXBuildFile section */

/* Begin PBXFileReference section */
		530A3C7F21074D8100F6FF20 /* goldbac.app */ = {isa = PBXFileReference; explicitFileType = wrapper.application; includeInIndex = 0; path = goldbac.app; sourceTree = BUILT_PRODUCTS_DIR; };
		530A3C8221074D8100F6FF20 /* AppDelegate.swift */ = {isa = PBXFileReference; lastKnownFileType = sourcecode.swift; path = AppDelegate.swift; sourceTree = "<group>"; };
		530A3C8421074D8100F6FF20 /* ViewController.swift */ = {isa = PBXFileReference; lastKnownFileType = sourcecode.swift; path = ViewController.swift; sourceTree = "<group>"; };
		530A3C8A21074D8100F6FF20 /* goldbac.xcdatamodel */ = {isa = PBXFileReference; lastKnownFileType = wrapper.xcdatamodel; path = goldbac.xcdatamodel; sourceTree = "<group>"; };
		530A3C8C21074D8200F6FF20 /* Assets.xcassets */ = {isa = PBXFileReference; lastKnownFileType = folder.assetcatalog; path = Assets.xcassets; sourceTree = "<group>"; };
		530A3C8F21074D8200F6FF20 /* Base */ = {isa = PBXFileReference; lastKnownFileType = file.storyboard; name = Base; path = Base.lproj/LaunchScreen.storyboard; sourceTree = "<group>"; };
		530A3C9121074D8200F6FF20 /* Info.plist */ = {isa = PBXFileReference; lastKnownFileType = text.plist.xml; path = Info.plist; sourceTree = "<group>"; };
		5322ED95210C960A0094301F /* DateExtensions.swift */ = {isa = PBXFileReference; lastKnownFileType = sourcecode.swift; path = DateExtensions.swift; sourceTree = "<group>"; };
		534B22E8210AD7F5007F1DA6 /* SimulateChangeTransaction.swift */ = {isa = PBXFileReference; lastKnownFileType = sourcecode.swift; path = SimulateChangeTransaction.swift; sourceTree = "<group>"; };
		5353B76A2114007000ED45A6 /* Transaction.swift */ = {isa = PBXFileReference; lastKnownFileType = sourcecode.swift; path = Transaction.swift; sourceTree = "<group>"; };
		5353B76C211400E100ED45A6 /* SimulateData.swift */ = {isa = PBXFileReference; lastKnownFileType = sourcecode.swift; path = SimulateData.swift; sourceTree = "<group>"; };
		5353B78B211429A500ED45A6 /* TransactionUpdateFlows.swift */ = {isa = PBXFileReference; lastKnownFileType = sourcecode.swift; path = TransactionUpdateFlows.swift; sourceTree = "<group>"; };
		5353B793211465BD00ED45A6 /* TransactionCoreData+CoreDataClass.swift */ = {isa = PBXFileReference; lastKnownFileType = sourcecode.swift; path = "TransactionCoreData+CoreDataClass.swift"; sourceTree = "<group>"; };
		5353B794211465BD00ED45A6 /* TransactionCoreData+CoreDataProperties.swift */ = {isa = PBXFileReference; lastKnownFileType = sourcecode.swift; path = "TransactionCoreData+CoreDataProperties.swift"; sourceTree = "<group>"; };
		5353B795211465BD00ED45A6 /* AccountCoreData+CoreDataClass.swift */ = {isa = PBXFileReference; lastKnownFileType = sourcecode.swift; name = "AccountCoreData+CoreDataClass.swift"; path = "../AccountCoreData+CoreDataClass.swift"; sourceTree = "<group>"; };
		5353B796211465BD00ED45A6 /* AccountCoreData+CoreDataProperties.swift */ = {isa = PBXFileReference; lastKnownFileType = sourcecode.swift; path = "AccountCoreData+CoreDataProperties.swift"; sourceTree = "<group>"; };
		5353B797211465BD00ED45A6 /* MonthCoreData+CoreDataClass.swift */ = {isa = PBXFileReference; lastKnownFileType = sourcecode.swift; path = "MonthCoreData+CoreDataClass.swift"; sourceTree = "<group>"; };
		5353B798211465BD00ED45A6 /* MonthCoreData+CoreDataProperties.swift */ = {isa = PBXFileReference; lastKnownFileType = sourcecode.swift; path = "MonthCoreData+CoreDataProperties.swift"; sourceTree = "<group>"; };
		5353B79F21155A8200ED45A6 /* SingleEvent.swift */ = {isa = PBXFileReference; lastKnownFileType = sourcecode.swift; path = SingleEvent.swift; sourceTree = "<group>"; };
		5353B7A121155ADA00ED45A6 /* PrintThingsOut.swift */ = {isa = PBXFileReference; lastKnownFileType = sourcecode.swift; path = PrintThingsOut.swift; sourceTree = "<group>"; };
		5353B7A321155B2A00ED45A6 /* ClearData.swift */ = {isa = PBXFileReference; lastKnownFileType = sourcecode.swift; path = ClearData.swift; sourceTree = "<group>"; };
		5353B7A521155B6600ED45A6 /* SimulateAccounts.swift */ = {isa = PBXFileReference; lastKnownFileType = sourcecode.swift; path = SimulateAccounts.swift; sourceTree = "<group>"; };
		5353B7A721155B9300ED45A6 /* SimulateTransactions.swift */ = {isa = PBXFileReference; lastKnownFileType = sourcecode.swift; path = SimulateTransactions.swift; sourceTree = "<group>"; };
		5353B7AB21155E8300ED45A6 /* CoreDataTranslation.swift */ = {isa = PBXFileReference; lastKnownFileType = sourcecode.swift; path = CoreDataTranslation.swift; sourceTree = "<group>"; };
		5353B7AD2115AA6A00ED45A6 /* TransactionToCloudKit.swift */ = {isa = PBXFileReference; lastKnownFileType = sourcecode.swift; path = TransactionToCloudKit.swift; sourceTree = "<group>"; };
		5353B7AF2115AA8F00ED45A6 /* TransactionObservers.swift */ = {isa = PBXFileReference; lastKnownFileType = sourcecode.swift; path = TransactionObservers.swift; sourceTree = "<group>"; };
		53759D81210757FC0006C718 /* AccountCustomExtension.swift */ = {isa = PBXFileReference; lastKnownFileType = sourcecode.swift; path = AccountCustomExtension.swift; sourceTree = "<group>"; };
		53759D9221080C600006C718 /* TransactionCustomExtension.swift */ = {isa = PBXFileReference; lastKnownFileType = sourcecode.swift; path = TransactionCustomExtension.swift; sourceTree = "<group>"; };
		53759D9521082C360006C718 /* CoreData.swift */ = {isa = PBXFileReference; lastKnownFileType = sourcecode.swift; path = CoreData.swift; sourceTree = "<group>"; };
		53759D9A210892420006C718 /* SimulateTransaction.swift */ = {isa = PBXFileReference; lastKnownFileType = sourcecode.swift; path = SimulateTransaction.swift; sourceTree = "<group>"; };
		5379B671210954CA00307909 /* DateFormat.swift */ = {isa = PBXFileReference; lastKnownFileType = sourcecode.swift; path = DateFormat.swift; sourceTree = "<group>"; };
		5379B6732109C7DB00307909 /* PeriodicTransactions.swift */ = {isa = PBXFileReference; lastKnownFileType = sourcecode.swift; path = PeriodicTransactions.swift; sourceTree = "<group>"; };
		5379B6752109D46500307909 /* SimulationHelper.swift */ = {isa = PBXFileReference; lastKnownFileType = sourcecode.swift; path = SimulationHelper.swift; sourceTree = "<group>"; };
		5379B67A2109D92F00307909 /* CoreDataSimulation.swift */ = {isa = PBXFileReference; lastKnownFileType = sourcecode.swift; path = CoreDataSimulation.swift; sourceTree = "<group>"; };
		53839FD3210C74EE00F469EF /* TransationUpdateFlows.swift */ = {isa = PBXFileReference; lastKnownFileType = sourcecode.swift; path = TransationUpdateFlows.swift; sourceTree = "<group>"; };
		539E45962112A481002096BD /* Account.swift */ = {isa = PBXFileReference; lastKnownFileType = sourcecode.swift; path = Account.swift; sourceTree = "<group>"; };
		53ABB74E2115D90F009DE57B /* TalkToCloudkit.swift */ = {isa = PBXFileReference; lastKnownFileType = sourcecode.swift; path = TalkToCloudkit.swift; sourceTree = "<group>"; };
		53ABB7502115D94E009DE57B /* CloudKit.swift */ = {isa = PBXFileReference; fileEncoding = 4; lastKnownFileType = sourcecode.swift; path = CloudKit.swift; sourceTree = "<group>"; };
		53ABB7522115E319009DE57B /* Application.swift */ = {isa = PBXFileReference; lastKnownFileType = sourcecode.swift; path = Application.swift; sourceTree = "<group>"; };
		53C84545211083A50076A8E5 /* NumberExtensions.swift */ = {isa = PBXFileReference; lastKnownFileType = sourcecode.swift; path = NumberExtensions.swift; sourceTree = "<group>"; };
		53C845472110917A0076A8E5 /* FilePaper.swift */ = {isa = PBXFileReference; lastKnownFileType = sourcecode.swift; path = FilePaper.swift; sourceTree = "<group>"; };
		53C8454F2110929E0076A8E5 /* UnitTest.swift */ = {isa = PBXFileReference; lastKnownFileType = sourcecode.swift; path = UnitTest.swift; sourceTree = "<group>"; };
		53C845512110929E0076A8E5 /* Info.plist */ = {isa = PBXFileReference; lastKnownFileType = text.plist.xml; path = Info.plist; sourceTree = "<group>"; };
		53D8879A210DC43B00A57277 /* SplitTransactions.swift */ = {isa = PBXFileReference; lastKnownFileType = sourcecode.swift; path = SplitTransactions.swift; sourceTree = "<group>"; };
		53E39920210B29CE00A31B41 /* TransactionForAccount.swift */ = {isa = PBXFileReference; lastKnownFileType = sourcecode.swift; path = TransactionForAccount.swift; sourceTree = "<group>"; };
		53F2912A210DF5D800BDEB60 /* FlowCustomExtension.swift */ = {isa = PBXFileReference; lastKnownFileType = sourcecode.swift; path = FlowCustomExtension.swift; sourceTree = "<group>"; };
		53F29138210F12BF00BDEB60 /* MonthlyCustomExtensions.swift */ = {isa = PBXFileReference; lastKnownFileType = sourcecode.swift; path = MonthlyCustomExtensions.swift; sourceTree = "<group>"; };
/* End PBXFileReference section */

/* Begin PBXFrameworksBuildPhase section */
		530A3C7C21074D8100F6FF20 /* Frameworks */ = {
			isa = PBXFrameworksBuildPhase;
			buildActionMask = 2147483647;
			files = (
			);
			runOnlyForDeploymentPostprocessing = 0;
		};
/* End PBXFrameworksBuildPhase section */

/* Begin PBXGroup section */
		530A3C7621074D8100F6FF20 = {
			isa = PBXGroup;
			children = (
				5353B7702114273C00ED45A6 /* CoreDataCodeGen */,
				5322ED97210C96120094301F /* Extensions */,
				5353B76F211426F500ED45A6 /* Backup */,
				5353B76E211400ED00ED45A6 /* SimulateData */,
				539E45952112A45F002096BD /* ViewModel */,
				5379B67C2109DC7A00307909 /* Application */,
				5353B78A2114297200ED45A6 /* CoreDataExtensions */,
				53759D8B2107FB910006C718 /* CoreData */,
				530A3C8121074D8100F6FF20 /* goldbac */,
				53C8454E2110929E0076A8E5 /* UnitTest */,
				530A3C8021074D8100F6FF20 /* Products */,
			);
			sourceTree = "<group>";
		};
		530A3C8021074D8100F6FF20 /* Products */ = {
			isa = PBXGroup;
			children = (
				530A3C7F21074D8100F6FF20 /* goldbac.app */,
			);
			name = Products;
			sourceTree = "<group>";
		};
		530A3C8121074D8100F6FF20 /* goldbac */ = {
			isa = PBXGroup;
			children = (
				530A3C8221074D8100F6FF20 /* AppDelegate.swift */,
				530A3C8421074D8100F6FF20 /* ViewController.swift */,
				530A3C8C21074D8200F6FF20 /* Assets.xcassets */,
				530A3C8E21074D8200F6FF20 /* LaunchScreen.storyboard */,
				530A3C9121074D8200F6FF20 /* Info.plist */,
				530A3C8921074D8100F6FF20 /* goldbac.xcdatamodeld */,
			);
			path = goldbac;
			sourceTree = "<group>";
		};
		5322ED97210C96120094301F /* Extensions */ = {
			isa = PBXGroup;
			children = (
				5322ED95210C960A0094301F /* DateExtensions.swift */,
				53C84545211083A50076A8E5 /* NumberExtensions.swift */,
			);
			path = Extensions;
			sourceTree = "<group>";
		};
		5353B76E211400ED00ED45A6 /* SimulateData */ = {
			isa = PBXGroup;
			children = (
				5353B76C211400E100ED45A6 /* SimulateData.swift */,
				5353B7A721155B9300ED45A6 /* SimulateTransactions.swift */,
				5353B7A521155B6600ED45A6 /* SimulateAccounts.swift */,
				5353B7A321155B2A00ED45A6 /* ClearData.swift */,
				5353B79F21155A8200ED45A6 /* SingleEvent.swift */,
				5353B7A121155ADA00ED45A6 /* PrintThingsOut.swift */,
				5379B6732109C7DB00307909 /* PeriodicTransactions.swift */,
				5379B6752109D46500307909 /* SimulationHelper.swift */,
				53ABB74E2115D90F009DE57B /* TalkToCloudkit.swift */,
				53ABB7502115D94E009DE57B /* CloudKit.swift */,
			);
			path = SimulateData;
			sourceTree = "<group>";
		};
		5353B76F211426F500ED45A6 /* Backup */ = {
			isa = PBXGroup;
			children = (
				53F29138210F12BF00BDEB60 /* MonthlyCustomExtensions.swift */,
				53759D81210757FC0006C718 /* AccountCustomExtension.swift */,
				53759D9221080C600006C718 /* TransactionCustomExtension.swift */,
				53F2912A210DF5D800BDEB60 /* FlowCustomExtension.swift */,
				53839FD3210C74EE00F469EF /* TransationUpdateFlows.swift */,
				5379B67A2109D92F00307909 /* CoreDataSimulation.swift */,
				53759D9A210892420006C718 /* SimulateTransaction.swift */,
				53D8879A210DC43B00A57277 /* SplitTransactions.swift */,
				53E39920210B29CE00A31B41 /* TransactionForAccount.swift */,
				534B22E8210AD7F5007F1DA6 /* SimulateChangeTransaction.swift */,
				53C845472110917A0076A8E5 /* FilePaper.swift */,
			);
			path = Backup;
			sourceTree = "<group>";
		};
		5353B7702114273C00ED45A6 /* CoreDataCodeGen */ = {
			isa = PBXGroup;
			children = (
				5353B793211465BD00ED45A6 /* TransactionCoreData+CoreDataClass.swift */,
				5353B794211465BD00ED45A6 /* TransactionCoreData+CoreDataProperties.swift */,
				5353B795211465BD00ED45A6 /* AccountCoreData+CoreDataClass.swift */,
				5353B796211465BD00ED45A6 /* AccountCoreData+CoreDataProperties.swift */,
				5353B797211465BD00ED45A6 /* MonthCoreData+CoreDataClass.swift */,
				5353B798211465BD00ED45A6 /* MonthCoreData+CoreDataProperties.swift */,
			);
			path = CoreDataCodeGen;
			sourceTree = "<group>";
		};
		5353B78A2114297200ED45A6 /* CoreDataExtensions */ = {
			isa = PBXGroup;
			children = (
				5353B7AF2115AA8F00ED45A6 /* TransactionObservers.swift */,
				5353B78B211429A500ED45A6 /* TransactionUpdateFlows.swift */,
				5353B7AD2115AA6A00ED45A6 /* TransactionToCloudKit.swift */,
			);
			path = CoreDataExtensions;
			sourceTree = "<group>";
		};
		53759D8B2107FB910006C718 /* CoreData */ = {
			isa = PBXGroup;
			children = (
				53759D9521082C360006C718 /* CoreData.swift */,
				5353B7AB21155E8300ED45A6 /* CoreDataTranslation.swift */,
			);
			path = CoreData;
			sourceTree = "<group>";
		};
		5379B67C2109DC7A00307909 /* Application */ = {
			isa = PBXGroup;
			children = (
				5379B671210954CA00307909 /* DateFormat.swift */,
				53ABB7522115E319009DE57B /* Application.swift */,
			);
			path = Application;
			sourceTree = "<group>";
		};
		539E45952112A45F002096BD /* ViewModel */ = {
			isa = PBXGroup;
			children = (
				539E45962112A481002096BD /* Account.swift */,
				5353B76A2114007000ED45A6 /* Transaction.swift */,
			);
			path = ViewModel;
			sourceTree = "<group>";
		};
		53C8454E2110929E0076A8E5 /* UnitTest */ = {
			isa = PBXGroup;
			children = (
				53C8454F2110929E0076A8E5 /* UnitTest.swift */,
				53C845512110929E0076A8E5 /* Info.plist */,
			);
			path = UnitTest;
			sourceTree = "<group>";
		};
/* End PBXGroup section */

/* Begin PBXNativeTarget section */
		530A3C7E21074D8100F6FF20 /* goldbac */ = {
			isa = PBXNativeTarget;
			buildConfigurationList = 530A3C9421074D8200F6FF20 /* Build configuration list for PBXNativeTarget "goldbac" */;
			buildPhases = (
				530A3C7B21074D8100F6FF20 /* Sources */,
				530A3C7C21074D8100F6FF20 /* Frameworks */,
				530A3C7D21074D8100F6FF20 /* Resources */,
			);
			buildRules = (
			);
			dependencies = (
			);
			name = goldbac;
			productName = goldbac;
			productReference = 530A3C7F21074D8100F6FF20 /* goldbac.app */;
			productType = "com.apple.product-type.application";
		};
/* End PBXNativeTarget section */

/* Begin PBXProject section */
		530A3C7721074D8100F6FF20 /* Project object */ = {
			isa = PBXProject;
			attributes = {
				LastSwiftUpdateCheck = 0940;
				LastUpgradeCheck = 0940;
				ORGANIZATIONNAME = "goldbac Inc";
				TargetAttributes = {
					530A3C7E21074D8100F6FF20 = {
						CreatedOnToolsVersion = 9.4.1;
					};
				};
			};
			buildConfigurationList = 530A3C7A21074D8100F6FF20 /* Build configuration list for PBXProject "goldbac" */;
			compatibilityVersion = "Xcode 9.3";
			developmentRegion = en;
			hasScannedForEncodings = 0;
			knownRegions = (
				en,
				Base,
			);
			mainGroup = 530A3C7621074D8100F6FF20;
			productRefGroup = 530A3C8021074D8100F6FF20 /* Products */;
			projectDirPath = "";
			projectRoot = "";
			targets = (
				530A3C7E21074D8100F6FF20 /* goldbac */,
			);
		};
/* End PBXProject section */

/* Begin PBXResourcesBuildPhase section */
		530A3C7D21074D8100F6FF20 /* Resources */ = {
			isa = PBXResourcesBuildPhase;
			buildActionMask = 2147483647;
			files = (
				530A3C9021074D8200F6FF20 /* LaunchScreen.storyboard in Resources */,
				530A3C8D21074D8200F6FF20 /* Assets.xcassets in Resources */,
			);
			runOnlyForDeploymentPostprocessing = 0;
		};
/* End PBXResourcesBuildPhase section */

/* Begin PBXSourcesBuildPhase section */
		530A3C7B21074D8100F6FF20 /* Sources */ = {
			isa = PBXSourcesBuildPhase;
			buildActionMask = 2147483647;
			files = (
				5322ED96210C960A0094301F /* DateExtensions.swift in Sources */,
				5353B799211465BD00ED45A6 /* TransactionCoreData+CoreDataClass.swift in Sources */,
				534B22E9210AD7F5007F1DA6 /* SimulateChangeTransaction.swift in Sources */,
				53ABB74F2115D90F009DE57B /* TalkToCloudkit.swift in Sources */,
				53F2912B210DF5D900BDEB60 /* FlowCustomExtension.swift in Sources */,
				5353B7B02115AA8F00ED45A6 /* TransactionObservers.swift in Sources */,
				53C845482110917A0076A8E5 /* FilePaper.swift in Sources */,
				530A3C8B21074D8100F6FF20 /* goldbac.xcdatamodeld in Sources */,
				5353B7A021155A8200ED45A6 /* SingleEvent.swift in Sources */,
				53759D9321080C600006C718 /* TransactionCustomExtension.swift in Sources */,
				53759D9621082C360006C718 /* CoreData.swift in Sources */,
				5353B7A821155B9300ED45A6 /* SimulateTransactions.swift in Sources */,
				53759D9B210892420006C718 /* SimulateTransaction.swift in Sources */,
				5353B79D211465BD00ED45A6 /* MonthCoreData+CoreDataClass.swift in Sources */,
				5353B78C211429A500ED45A6 /* TransactionUpdateFlows.swift in Sources */,
				5353B79A211465BD00ED45A6 /* TransactionCoreData+CoreDataProperties.swift in Sources */,
				5379B6762109D46500307909 /* SimulationHelper.swift in Sources */,
				539E45972112A481002096BD /* Account.swift in Sources */,
				5353B79C211465BD00ED45A6 /* AccountCoreData+CoreDataProperties.swift in Sources */,
				5353B7AE2115AA6A00ED45A6 /* TransactionToCloudKit.swift in Sources */,
				53839FD4210C74EE00F469EF /* TransationUpdateFlows.swift in Sources */,
				5353B76B2114007000ED45A6 /* Transaction.swift in Sources */,
				530A3C8521074D8100F6FF20 /* ViewController.swift in Sources */,
				5379B672210954CA00307909 /* DateFormat.swift in Sources */,
				53ABB7512115D94E009DE57B /* CloudKit.swift in Sources */,
				53E39921210B29CE00A31B41 /* TransactionForAccount.swift in Sources */,
				5379B6742109C7DB00307909 /* PeriodicTransactions.swift in Sources */,
				5353B7AC21155E8300ED45A6 /* CoreDataTranslation.swift in Sources */,
				5353B7A621155B6600ED45A6 /* SimulateAccounts.swift in Sources */,
				53C84546211083A50076A8E5 /* NumberExtensions.swift in Sources */,
				530A3C8321074D8100F6FF20 /* AppDelegate.swift in Sources */,
				5353B79B211465BD00ED45A6 /* AccountCoreData+CoreDataClass.swift in Sources */,
				53759D85210757FC0006C718 /* AccountCustomExtension.swift in Sources */,
				53D8879B210DC43B00A57277 /* SplitTransactions.swift in Sources */,
				5379B67B2109D92F00307909 /* CoreDataSimulation.swift in Sources */,
				5353B7A421155B2A00ED45A6 /* ClearData.swift in Sources */,
				53F29139210F12BF00BDEB60 /* MonthlyCustomExtensions.swift in Sources */,
				5353B76D211400E100ED45A6 /* SimulateData.swift in Sources */,
				5353B7A221155ADA00ED45A6 /* PrintThingsOut.swift in Sources */,
				53ABB7532115E319009DE57B /* Application.swift in Sources */,
				5353B79E211465BD00ED45A6 /* MonthCoreData+CoreDataProperties.swift in Sources */,
			);
			runOnlyForDeploymentPostprocessing = 0;
		};
/* End PBXSourcesBuildPhase section */

/* Begin PBXVariantGroup section */
		530A3C8E21074D8200F6FF20 /* LaunchScreen.storyboard */ = {
			isa = PBXVariantGroup;
			children = (
				530A3C8F21074D8200F6FF20 /* Base */,
			);
			name = LaunchScreen.storyboard;
			sourceTree = "<group>";
		};
/* End PBXVariantGroup section */

/* Begin XCBuildConfiguration section */
		530A3C9221074D8200F6FF20 /* Debug */ = {
			isa = XCBuildConfiguration;
			buildSettings = {
				ALWAYS_SEARCH_USER_PATHS = NO;
				CLANG_ANALYZER_NONNULL = YES;
				CLANG_ANALYZER_NUMBER_OBJECT_CONVERSION = YES_AGGRESSIVE;
				CLANG_CXX_LANGUAGE_STANDARD = "gnu++14";
				CLANG_CXX_LIBRARY = "libc++";
				CLANG_ENABLE_MODULES = YES;
				CLANG_ENABLE_OBJC_ARC = YES;
				CLANG_ENABLE_OBJC_WEAK = YES;
				CLANG_WARN_BLOCK_CAPTURE_AUTORELEASING = YES;
				CLANG_WARN_BOOL_CONVERSION = YES;
				CLANG_WARN_COMMA = YES;
				CLANG_WARN_CONSTANT_CONVERSION = YES;
				CLANG_WARN_DEPRECATED_OBJC_IMPLEMENTATIONS = YES;
				CLANG_WARN_DIRECT_OBJC_ISA_USAGE = YES_ERROR;
				CLANG_WARN_DOCUMENTATION_COMMENTS = YES;
				CLANG_WARN_EMPTY_BODY = YES;
				CLANG_WARN_ENUM_CONVERSION = YES;
				CLANG_WARN_INFINITE_RECURSION = YES;
				CLANG_WARN_INT_CONVERSION = YES;
				CLANG_WARN_NON_LITERAL_NULL_CONVERSION = YES;
				CLANG_WARN_OBJC_IMPLICIT_RETAIN_SELF = YES;
				CLANG_WARN_OBJC_LITERAL_CONVERSION = YES;
				CLANG_WARN_OBJC_ROOT_CLASS = YES_ERROR;
				CLANG_WARN_RANGE_LOOP_ANALYSIS = YES;
				CLANG_WARN_STRICT_PROTOTYPES = YES;
				CLANG_WARN_SUSPICIOUS_MOVE = YES;
				CLANG_WARN_UNGUARDED_AVAILABILITY = YES_AGGRESSIVE;
				CLANG_WARN_UNREACHABLE_CODE = YES;
				CLANG_WARN__DUPLICATE_METHOD_MATCH = YES;
				CODE_SIGN_IDENTITY = "iPhone Developer";
				COPY_PHASE_STRIP = NO;
				DEBUG_INFORMATION_FORMAT = dwarf;
				ENABLE_STRICT_OBJC_MSGSEND = YES;
				ENABLE_TESTABILITY = YES;
				GCC_C_LANGUAGE_STANDARD = gnu11;
				GCC_DYNAMIC_NO_PIC = NO;
				GCC_NO_COMMON_BLOCKS = YES;
				GCC_OPTIMIZATION_LEVEL = 0;
				GCC_PREPROCESSOR_DEFINITIONS = (
					"DEBUG=1",
					"$(inherited)",
				);
				GCC_WARN_64_TO_32_BIT_CONVERSION = YES;
				GCC_WARN_ABOUT_RETURN_TYPE = YES_ERROR;
				GCC_WARN_UNDECLARED_SELECTOR = YES;
				GCC_WARN_UNINITIALIZED_AUTOS = YES_AGGRESSIVE;
				GCC_WARN_UNUSED_FUNCTION = YES;
				GCC_WARN_UNUSED_VARIABLE = YES;
				IPHONEOS_DEPLOYMENT_TARGET = 11.4;
				MTL_ENABLE_DEBUG_INFO = YES;
				ONLY_ACTIVE_ARCH = YES;
				SDKROOT = iphoneos;
				SWIFT_ACTIVE_COMPILATION_CONDITIONS = DEBUG;
				SWIFT_OPTIMIZATION_LEVEL = "-Onone";
			};
			name = Debug;
		};
		530A3C9321074D8200F6FF20 /* Release */ = {
			isa = XCBuildConfiguration;
			buildSettings = {
				ALWAYS_SEARCH_USER_PATHS = NO;
				CLANG_ANALYZER_NONNULL = YES;
				CLANG_ANALYZER_NUMBER_OBJECT_CONVERSION = YES_AGGRESSIVE;
				CLANG_CXX_LANGUAGE_STANDARD = "gnu++14";
				CLANG_CXX_LIBRARY = "libc++";
				CLANG_ENABLE_MODULES = YES;
				CLANG_ENABLE_OBJC_ARC = YES;
				CLANG_ENABLE_OBJC_WEAK = YES;
				CLANG_WARN_BLOCK_CAPTURE_AUTORELEASING = YES;
				CLANG_WARN_BOOL_CONVERSION = YES;
				CLANG_WARN_COMMA = YES;
				CLANG_WARN_CONSTANT_CONVERSION = YES;
				CLANG_WARN_DEPRECATED_OBJC_IMPLEMENTATIONS = YES;
				CLANG_WARN_DIRECT_OBJC_ISA_USAGE = YES_ERROR;
				CLANG_WARN_DOCUMENTATION_COMMENTS = YES;
				CLANG_WARN_EMPTY_BODY = YES;
				CLANG_WARN_ENUM_CONVERSION = YES;
				CLANG_WARN_INFINITE_RECURSION = YES;
				CLANG_WARN_INT_CONVERSION = YES;
				CLANG_WARN_NON_LITERAL_NULL_CONVERSION = YES;
				CLANG_WARN_OBJC_IMPLICIT_RETAIN_SELF = YES;
				CLANG_WARN_OBJC_LITERAL_CONVERSION = YES;
				CLANG_WARN_OBJC_ROOT_CLASS = YES_ERROR;
				CLANG_WARN_RANGE_LOOP_ANALYSIS = YES;
				CLANG_WARN_STRICT_PROTOTYPES = YES;
				CLANG_WARN_SUSPICIOUS_MOVE = YES;
				CLANG_WARN_UNGUARDED_AVAILABILITY = YES_AGGRESSIVE;
				CLANG_WARN_UNREACHABLE_CODE = YES;
				CLANG_WARN__DUPLICATE_METHOD_MATCH = YES;
				CODE_SIGN_IDENTITY = "iPhone Developer";
				COPY_PHASE_STRIP = NO;
				DEBUG_INFORMATION_FORMAT = "dwarf-with-dsym";
				ENABLE_NS_ASSERTIONS = NO;
				ENABLE_STRICT_OBJC_MSGSEND = YES;
				GCC_C_LANGUAGE_STANDARD = gnu11;
				GCC_NO_COMMON_BLOCKS = YES;
				GCC_WARN_64_TO_32_BIT_CONVERSION = YES;
				GCC_WARN_ABOUT_RETURN_TYPE = YES_ERROR;
				GCC_WARN_UNDECLARED_SELECTOR = YES;
				GCC_WARN_UNINITIALIZED_AUTOS = YES_AGGRESSIVE;
				GCC_WARN_UNUSED_FUNCTION = YES;
				GCC_WARN_UNUSED_VARIABLE = YES;
				IPHONEOS_DEPLOYMENT_TARGET = 11.4;
				MTL_ENABLE_DEBUG_INFO = NO;
				SDKROOT = iphoneos;
				SWIFT_COMPILATION_MODE = wholemodule;
				SWIFT_OPTIMIZATION_LEVEL = "-O";
				VALIDATE_PRODUCT = YES;
			};
			name = Release;
		};
		530A3C9521074D8200F6FF20 /* Debug */ = {
			isa = XCBuildConfiguration;
			buildSettings = {
				ASSETCATALOG_COMPILER_APPICON_NAME = AppIcon;
				CODE_SIGN_STYLE = Automatic;
				DEVELOPMENT_TEAM = 5SVZMKX9MU;
				INFOPLIST_FILE = goldbac/Info.plist;
				LD_RUNPATH_SEARCH_PATHS = (
					"$(inherited)",
					"@executable_path/Frameworks",
				);
				PRODUCT_BUNDLE_IDENTIFIER = "goldbac-Inc.goldbac";
				PRODUCT_NAME = "$(TARGET_NAME)";
				SWIFT_VERSION = 4.0;
				TARGETED_DEVICE_FAMILY = 1;
			};
			name = Debug;
		};
		530A3C9621074D8200F6FF20 /* Release */ = {
			isa = XCBuildConfiguration;
			buildSettings = {
				ASSETCATALOG_COMPILER_APPICON_NAME = AppIcon;
				CODE_SIGN_STYLE = Automatic;
				DEVELOPMENT_TEAM = 5SVZMKX9MU;
				INFOPLIST_FILE = goldbac/Info.plist;
				LD_RUNPATH_SEARCH_PATHS = (
					"$(inherited)",
					"@executable_path/Frameworks",
				);
				PRODUCT_BUNDLE_IDENTIFIER = "goldbac-Inc.goldbac";
				PRODUCT_NAME = "$(TARGET_NAME)";
				SWIFT_VERSION = 4.0;
				TARGETED_DEVICE_FAMILY = 1;
			};
			name = Release;
		};
/* End XCBuildConfiguration section */

/* Begin XCConfigurationList section */
		530A3C7A21074D8100F6FF20 /* Build configuration list for PBXProject "goldbac" */ = {
			isa = XCConfigurationList;
			buildConfigurations = (
				530A3C9221074D8200F6FF20 /* Debug */,
				530A3C9321074D8200F6FF20 /* Release */,
			);
			defaultConfigurationIsVisible = 0;
			defaultConfigurationName = Release;
		};
		530A3C9421074D8200F6FF20 /* Build configuration list for PBXNativeTarget "goldbac" */ = {
			isa = XCConfigurationList;
			buildConfigurations = (
				530A3C9521074D8200F6FF20 /* Debug */,
				530A3C9621074D8200F6FF20 /* Release */,
			);
			defaultConfigurationIsVisible = 0;
			defaultConfigurationName = Release;
		};
/* End XCConfigurationList section */

/* Begin XCVersionGroup section */
		530A3C8921074D8100F6FF20 /* goldbac.xcdatamodeld */ = {
			isa = XCVersionGroup;
			children = (
				530A3C8A21074D8100F6FF20 /* goldbac.xcdatamodel */,
			);
			currentVersion = 530A3C8A21074D8100F6FF20 /* goldbac.xcdatamodel */;
			path = goldbac.xcdatamodeld;
			sourceTree = "<group>";
			versionGroupType = wrapper.xcdatamodel;
		};
/* End XCVersionGroup section */
	};
	rootObject = 530A3C7721074D8100F6FF20 /* Project object */;
}
