// !$*UTF8*$!
{
	archiveVersion = 1;
	classes = {
	};
	objectVersion = 50;
	objects = {

/* Begin PBXBuildFile section */
		530A3C8321074D8100F6FF20 /* AppDelegate.swift in Sources */ = {isa = PBXBuildFile; fileRef = 530A3C8221074D8100F6FF20 /* AppDelegate.swift */; };
		530A3C8521074D8100F6FF20 /* ViewController.swift in Sources */ = {isa = PBXBuildFile; fileRef = 530A3C8421074D8100F6FF20 /* ViewController.swift */; };
		530A3C8B21074D8100F6FF20 /* goldbac.xcdatamodeld in Sources */ = {isa = PBXBuildFile; fileRef = 530A3C8921074D8100F6FF20 /* goldbac.xcdatamodeld */; };
		530A3C8D21074D8200F6FF20 /* Assets.xcassets in Resources */ = {isa = PBXBuildFile; fileRef = 530A3C8C21074D8200F6FF20 /* Assets.xcassets */; };
		530A3C9021074D8200F6FF20 /* LaunchScreen.storyboard in Resources */ = {isa = PBXBuildFile; fileRef = 530A3C8E21074D8200F6FF20 /* LaunchScreen.storyboard */; };
		534B22E9210AD7F5007F1DA6 /* SimulateChangeTransaction.swift in Sources */ = {isa = PBXBuildFile; fileRef = 534B22E8210AD7F5007F1DA6 /* SimulateChangeTransaction.swift */; };
		53759D85210757FC0006C718 /* AccountCustomExtension.swift in Sources */ = {isa = PBXBuildFile; fileRef = 53759D81210757FC0006C718 /* AccountCustomExtension.swift */; };
		53759D87210757FC0006C718 /* Transaction+CoreDataClass.swift in Sources */ = {isa = PBXBuildFile; fileRef = 53759D83210757FC0006C718 /* Transaction+CoreDataClass.swift */; };
		53759D88210757FC0006C718 /* Transaction+CoreDataProperties.swift in Sources */ = {isa = PBXBuildFile; fileRef = 53759D84210757FC0006C718 /* Transaction+CoreDataProperties.swift */; };
		53759D8A2107FB800006C718 /* ManageCoreData.swift in Sources */ = {isa = PBXBuildFile; fileRef = 53759D892107FB800006C718 /* ManageCoreData.swift */; };
		53759D8D2107FD990006C718 /* SimulateAccounts.swift in Sources */ = {isa = PBXBuildFile; fileRef = 53759D8C2107FD990006C718 /* SimulateAccounts.swift */; };
		53759D9021080B1B0006C718 /* Account+CoreDataClass.swift in Sources */ = {isa = PBXBuildFile; fileRef = 53759D8E21080B1B0006C718 /* Account+CoreDataClass.swift */; };
		53759D9121080B1B0006C718 /* Account+CoreDataProperties.swift in Sources */ = {isa = PBXBuildFile; fileRef = 53759D8F21080B1B0006C718 /* Account+CoreDataProperties.swift */; };
		53759D9321080C600006C718 /* TransactionCustomExtension.swift in Sources */ = {isa = PBXBuildFile; fileRef = 53759D9221080C600006C718 /* TransactionCustomExtension.swift */; };
		53759D9621082C360006C718 /* CoreData.swift in Sources */ = {isa = PBXBuildFile; fileRef = 53759D9521082C360006C718 /* CoreData.swift */; };
		53759D9B210892420006C718 /* SimulateTransaction.swift in Sources */ = {isa = PBXBuildFile; fileRef = 53759D9A210892420006C718 /* SimulateTransaction.swift */; };
		5379B672210954CA00307909 /* DateFormat.swift in Sources */ = {isa = PBXBuildFile; fileRef = 5379B671210954CA00307909 /* DateFormat.swift */; };
		5379B6742109C7DB00307909 /* PeriodicTransactions.swift in Sources */ = {isa = PBXBuildFile; fileRef = 5379B6732109C7DB00307909 /* PeriodicTransactions.swift */; };
		5379B6762109D46500307909 /* Helper.swift in Sources */ = {isa = PBXBuildFile; fileRef = 5379B6752109D46500307909 /* Helper.swift */; };
		5379B67B2109D92F00307909 /* CoreDataSimulation.swift in Sources */ = {isa = PBXBuildFile; fileRef = 5379B67A2109D92F00307909 /* CoreDataSimulation.swift */; };
		53E39921210B29CE00A31B41 /* SimulateTransactionForAccount.swift in Sources */ = {isa = PBXBuildFile; fileRef = 53E39920210B29CE00A31B41 /* SimulateTransactionForAccount.swift */; };
/* End PBXBuildFile section */

/* Begin PBXFileReference section */
		530A3C7F21074D8100F6FF20 /* goldbac.app */ = {isa = PBXFileReference; explicitFileType = wrapper.application; includeInIndex = 0; path = goldbac.app; sourceTree = BUILT_PRODUCTS_DIR; };
		530A3C8221074D8100F6FF20 /* AppDelegate.swift */ = {isa = PBXFileReference; lastKnownFileType = sourcecode.swift; path = AppDelegate.swift; sourceTree = "<group>"; };
		530A3C8421074D8100F6FF20 /* ViewController.swift */ = {isa = PBXFileReference; lastKnownFileType = sourcecode.swift; path = ViewController.swift; sourceTree = "<group>"; };
		530A3C8A21074D8100F6FF20 /* goldbac.xcdatamodel */ = {isa = PBXFileReference; lastKnownFileType = wrapper.xcdatamodel; path = goldbac.xcdatamodel; sourceTree = "<group>"; };
		530A3C8C21074D8200F6FF20 /* Assets.xcassets */ = {isa = PBXFileReference; lastKnownFileType = folder.assetcatalog; path = Assets.xcassets; sourceTree = "<group>"; };
		530A3C8F21074D8200F6FF20 /* Base */ = {isa = PBXFileReference; lastKnownFileType = file.storyboard; name = Base; path = Base.lproj/LaunchScreen.storyboard; sourceTree = "<group>"; };
		530A3C9121074D8200F6FF20 /* Info.plist */ = {isa = PBXFileReference; lastKnownFileType = text.plist.xml; path = Info.plist; sourceTree = "<group>"; };
		534B22E8210AD7F5007F1DA6 /* SimulateChangeTransaction.swift */ = {isa = PBXFileReference; lastKnownFileType = sourcecode.swift; path = SimulateChangeTransaction.swift; sourceTree = "<group>"; };
		53759D81210757FC0006C718 /* AccountCustomExtension.swift */ = {isa = PBXFileReference; lastKnownFileType = sourcecode.swift; path = AccountCustomExtension.swift; sourceTree = "<group>"; };
		53759D83210757FC0006C718 /* Transaction+CoreDataClass.swift */ = {isa = PBXFileReference; lastKnownFileType = sourcecode.swift; path = "Transaction+CoreDataClass.swift"; sourceTree = "<group>"; };
		53759D84210757FC0006C718 /* Transaction+CoreDataProperties.swift */ = {isa = PBXFileReference; lastKnownFileType = sourcecode.swift; path = "Transaction+CoreDataProperties.swift"; sourceTree = "<group>"; };
		53759D892107FB800006C718 /* ManageCoreData.swift */ = {isa = PBXFileReference; lastKnownFileType = sourcecode.swift; path = ManageCoreData.swift; sourceTree = "<group>"; };
		53759D8C2107FD990006C718 /* SimulateAccounts.swift */ = {isa = PBXFileReference; lastKnownFileType = sourcecode.swift; path = SimulateAccounts.swift; sourceTree = "<group>"; };
		53759D8E21080B1B0006C718 /* Account+CoreDataClass.swift */ = {isa = PBXFileReference; lastKnownFileType = sourcecode.swift; path = "Account+CoreDataClass.swift"; sourceTree = "<group>"; };
		53759D8F21080B1B0006C718 /* Account+CoreDataProperties.swift */ = {isa = PBXFileReference; lastKnownFileType = sourcecode.swift; path = "Account+CoreDataProperties.swift"; sourceTree = "<group>"; };
		53759D9221080C600006C718 /* TransactionCustomExtension.swift */ = {isa = PBXFileReference; lastKnownFileType = sourcecode.swift; path = TransactionCustomExtension.swift; sourceTree = "<group>"; };
		53759D9521082C360006C718 /* CoreData.swift */ = {isa = PBXFileReference; lastKnownFileType = sourcecode.swift; path = CoreData.swift; sourceTree = "<group>"; };
		53759D9A210892420006C718 /* SimulateTransaction.swift */ = {isa = PBXFileReference; lastKnownFileType = sourcecode.swift; path = SimulateTransaction.swift; sourceTree = "<group>"; };
		5379B671210954CA00307909 /* DateFormat.swift */ = {isa = PBXFileReference; lastKnownFileType = sourcecode.swift; path = DateFormat.swift; sourceTree = "<group>"; };
		5379B6732109C7DB00307909 /* PeriodicTransactions.swift */ = {isa = PBXFileReference; lastKnownFileType = sourcecode.swift; path = PeriodicTransactions.swift; sourceTree = "<group>"; };
		5379B6752109D46500307909 /* Helper.swift */ = {isa = PBXFileReference; lastKnownFileType = sourcecode.swift; path = Helper.swift; sourceTree = "<group>"; };
		5379B67A2109D92F00307909 /* CoreDataSimulation.swift */ = {isa = PBXFileReference; lastKnownFileType = sourcecode.swift; path = CoreDataSimulation.swift; sourceTree = "<group>"; };
		53E39920210B29CE00A31B41 /* SimulateTransactionForAccount.swift */ = {isa = PBXFileReference; lastKnownFileType = sourcecode.swift; path = SimulateTransactionForAccount.swift; sourceTree = "<group>"; };
/* End PBXFileReference section */

/* Begin PBXFrameworksBuildPhase section */
		530A3C7C21074D8100F6FF20 /* Frameworks */ = {
			isa = PBXFrameworksBuildPhase;
			buildActionMask = 2147483647;
			files = (
			);
			runOnlyForDeploymentPostprocessing = 0;
		};
/* End PBXFrameworksBuildPhase section */

/* Begin PBXGroup section */
		530A3C7621074D8100F6FF20 = {
			isa = PBXGroup;
			children = (
				5379B67C2109DC7A00307909 /* Format */,
				53759D9421080D300006C718 /* CoreData_CodeGen */,
				5379B6792109D4F500307909 /* CoreDataSimulation */,
				53759D8B2107FB910006C718 /* CoreData */,
				530A3C8121074D8100F6FF20 /* goldbac */,
				530A3C8021074D8100F6FF20 /* Products */,
			);
			sourceTree = "<group>";
		};
		530A3C8021074D8100F6FF20 /* Products */ = {
			isa = PBXGroup;
			children = (
				530A3C7F21074D8100F6FF20 /* goldbac.app */,
			);
			name = Products;
			sourceTree = "<group>";
		};
		530A3C8121074D8100F6FF20 /* goldbac */ = {
			isa = PBXGroup;
			children = (
				530A3C8221074D8100F6FF20 /* AppDelegate.swift */,
				530A3C8421074D8100F6FF20 /* ViewController.swift */,
				530A3C8C21074D8200F6FF20 /* Assets.xcassets */,
				530A3C8E21074D8200F6FF20 /* LaunchScreen.storyboard */,
				530A3C9121074D8200F6FF20 /* Info.plist */,
				530A3C8921074D8100F6FF20 /* goldbac.xcdatamodeld */,
			);
			path = goldbac;
			sourceTree = "<group>";
		};
		53759D8B2107FB910006C718 /* CoreData */ = {
			isa = PBXGroup;
			children = (
				53759D81210757FC0006C718 /* AccountCustomExtension.swift */,
				53759D9221080C600006C718 /* TransactionCustomExtension.swift */,
				53759D9521082C360006C718 /* CoreData.swift */,
				53759D892107FB800006C718 /* ManageCoreData.swift */,
			);
			path = CoreData;
			sourceTree = "<group>";
		};
		53759D9421080D300006C718 /* CoreData_CodeGen */ = {
			isa = PBXGroup;
			children = (
				53759D8E21080B1B0006C718 /* Account+CoreDataClass.swift */,
				53759D8F21080B1B0006C718 /* Account+CoreDataProperties.swift */,
				53759D83210757FC0006C718 /* Transaction+CoreDataClass.swift */,
				53759D84210757FC0006C718 /* Transaction+CoreDataProperties.swift */,
			);
			path = CoreData_CodeGen;
			sourceTree = "<group>";
		};
		5379B6792109D4F500307909 /* CoreDataSimulation */ = {
			isa = PBXGroup;
			children = (
				5379B67A2109D92F00307909 /* CoreDataSimulation.swift */,
				53759D8C2107FD990006C718 /* SimulateAccounts.swift */,
				53759D9A210892420006C718 /* SimulateTransaction.swift */,
				5379B6732109C7DB00307909 /* PeriodicTransactions.swift */,
				53E39920210B29CE00A31B41 /* SimulateTransactionForAccount.swift */,
				534B22E8210AD7F5007F1DA6 /* SimulateChangeTransaction.swift */,
				5379B6752109D46500307909 /* Helper.swift */,
			);
			path = CoreDataSimulation;
			sourceTree = "<group>";
		};
		5379B67C2109DC7A00307909 /* Format */ = {
			isa = PBXGroup;
			children = (
				5379B671210954CA00307909 /* DateFormat.swift */,
			);
			path = Format;
			sourceTree = "<group>";
		};
/* End PBXGroup section */

/* Begin PBXNativeTarget section */
		530A3C7E21074D8100F6FF20 /* goldbac */ = {
			isa = PBXNativeTarget;
			buildConfigurationList = 530A3C9421074D8200F6FF20 /* Build configuration list for PBXNativeTarget "goldbac" */;
			buildPhases = (
				530A3C7B21074D8100F6FF20 /* Sources */,
				530A3C7C21074D8100F6FF20 /* Frameworks */,
				530A3C7D21074D8100F6FF20 /* Resources */,
			);
			buildRules = (
			);
			dependencies = (
			);
			name = goldbac;
			productName = goldbac;
			productReference = 530A3C7F21074D8100F6FF20 /* goldbac.app */;
			productType = "com.apple.product-type.application";
		};
/* End PBXNativeTarget section */

/* Begin PBXProject section */
		530A3C7721074D8100F6FF20 /* Project object */ = {
			isa = PBXProject;
			attributes = {
				LastSwiftUpdateCheck = 0940;
				LastUpgradeCheck = 0940;
				ORGANIZATIONNAME = "goldbac Inc";
				TargetAttributes = {
					530A3C7E21074D8100F6FF20 = {
						CreatedOnToolsVersion = 9.4.1;
					};
				};
			};
			buildConfigurationList = 530A3C7A21074D8100F6FF20 /* Build configuration list for PBXProject "goldbac" */;
			compatibilityVersion = "Xcode 9.3";
			developmentRegion = en;
			hasScannedForEncodings = 0;
			knownRegions = (
				en,
				Base,
			);
			mainGroup = 530A3C7621074D8100F6FF20;
			productRefGroup = 530A3C8021074D8100F6FF20 /* Products */;
			projectDirPath = "";
			projectRoot = "";
			targets = (
				530A3C7E21074D8100F6FF20 /* goldbac */,
			);
		};
/* End PBXProject section */

/* Begin PBXResourcesBuildPhase section */
		530A3C7D21074D8100F6FF20 /* Resources */ = {
			isa = PBXResourcesBuildPhase;
			buildActionMask = 2147483647;
			files = (
				530A3C9021074D8200F6FF20 /* LaunchScreen.storyboard in Resources */,
				530A3C8D21074D8200F6FF20 /* Assets.xcassets in Resources */,
			);
			runOnlyForDeploymentPostprocessing = 0;
		};
/* End PBXResourcesBuildPhase section */

/* Begin PBXSourcesBuildPhase section */
		530A3C7B21074D8100F6FF20 /* Sources */ = {
			isa = PBXSourcesBuildPhase;
			buildActionMask = 2147483647;
			files = (
				534B22E9210AD7F5007F1DA6 /* SimulateChangeTransaction.swift in Sources */,
				530A3C8B21074D8100F6FF20 /* goldbac.xcdatamodeld in Sources */,
				53759D9121080B1B0006C718 /* Account+CoreDataProperties.swift in Sources */,
				53759D9021080B1B0006C718 /* Account+CoreDataClass.swift in Sources */,
				53759D9321080C600006C718 /* TransactionCustomExtension.swift in Sources */,
				53759D9621082C360006C718 /* CoreData.swift in Sources */,
				53759D8D2107FD990006C718 /* SimulateAccounts.swift in Sources */,
				53759D9B210892420006C718 /* SimulateTransaction.swift in Sources */,
				5379B6762109D46500307909 /* Helper.swift in Sources */,
				53759D88210757FC0006C718 /* Transaction+CoreDataProperties.swift in Sources */,
				530A3C8521074D8100F6FF20 /* ViewController.swift in Sources */,
				5379B672210954CA00307909 /* DateFormat.swift in Sources */,
				53E39921210B29CE00A31B41 /* SimulateTransactionForAccount.swift in Sources */,
				5379B6742109C7DB00307909 /* PeriodicTransactions.swift in Sources */,
				53759D8A2107FB800006C718 /* ManageCoreData.swift in Sources */,
				530A3C8321074D8100F6FF20 /* AppDelegate.swift in Sources */,
				53759D87210757FC0006C718 /* Transaction+CoreDataClass.swift in Sources */,
				53759D85210757FC0006C718 /* AccountCustomExtension.swift in Sources */,
				5379B67B2109D92F00307909 /* CoreDataSimulation.swift in Sources */,
			);
			runOnlyForDeploymentPostprocessing = 0;
		};
/* End PBXSourcesBuildPhase section */

/* Begin PBXVariantGroup section */
		530A3C8E21074D8200F6FF20 /* LaunchScreen.storyboard */ = {
			isa = PBXVariantGroup;
			children = (
				530A3C8F21074D8200F6FF20 /* Base */,
			);
			name = LaunchScreen.storyboard;
			sourceTree = "<group>";
		};
/* End PBXVariantGroup section */

/* Begin XCBuildConfiguration section */
		530A3C9221074D8200F6FF20 /* Debug */ = {
			isa = XCBuildConfiguration;
			buildSettings = {
				ALWAYS_SEARCH_USER_PATHS = NO;
				CLANG_ANALYZER_NONNULL = YES;
				CLANG_ANALYZER_NUMBER_OBJECT_CONVERSION = YES_AGGRESSIVE;
				CLANG_CXX_LANGUAGE_STANDARD = "gnu++14";
				CLANG_CXX_LIBRARY = "libc++";
				CLANG_ENABLE_MODULES = YES;
				CLANG_ENABLE_OBJC_ARC = YES;
				CLANG_ENABLE_OBJC_WEAK = YES;
				CLANG_WARN_BLOCK_CAPTURE_AUTORELEASING = YES;
				CLANG_WARN_BOOL_CONVERSION = YES;
				CLANG_WARN_COMMA = YES;
				CLANG_WARN_CONSTANT_CONVERSION = YES;
				CLANG_WARN_DEPRECATED_OBJC_IMPLEMENTATIONS = YES;
				CLANG_WARN_DIRECT_OBJC_ISA_USAGE = YES_ERROR;
				CLANG_WARN_DOCUMENTATION_COMMENTS = YES;
				CLANG_WARN_EMPTY_BODY = YES;
				CLANG_WARN_ENUM_CONVERSION = YES;
				CLANG_WARN_INFINITE_RECURSION = YES;
				CLANG_WARN_INT_CONVERSION = YES;
				CLANG_WARN_NON_LITERAL_NULL_CONVERSION = YES;
				CLANG_WARN_OBJC_IMPLICIT_RETAIN_SELF = YES;
				CLANG_WARN_OBJC_LITERAL_CONVERSION = YES;
				CLANG_WARN_OBJC_ROOT_CLASS = YES_ERROR;
				CLANG_WARN_RANGE_LOOP_ANALYSIS = YES;
				CLANG_WARN_STRICT_PROTOTYPES = YES;
				CLANG_WARN_SUSPICIOUS_MOVE = YES;
				CLANG_WARN_UNGUARDED_AVAILABILITY = YES_AGGRESSIVE;
				CLANG_WARN_UNREACHABLE_CODE = YES;
				CLANG_WARN__DUPLICATE_METHOD_MATCH = YES;
				CODE_SIGN_IDENTITY = "iPhone Developer";
				COPY_PHASE_STRIP = NO;
				DEBUG_INFORMATION_FORMAT = dwarf;
				ENABLE_STRICT_OBJC_MSGSEND = YES;
				ENABLE_TESTABILITY = YES;
				GCC_C_LANGUAGE_STANDARD = gnu11;
				GCC_DYNAMIC_NO_PIC = NO;
				GCC_NO_COMMON_BLOCKS = YES;
				GCC_OPTIMIZATION_LEVEL = 0;
				GCC_PREPROCESSOR_DEFINITIONS = (
					"DEBUG=1",
					"$(inherited)",
				);
				GCC_WARN_64_TO_32_BIT_CONVERSION = YES;
				GCC_WARN_ABOUT_RETURN_TYPE = YES_ERROR;
				GCC_WARN_UNDECLARED_SELECTOR = YES;
				GCC_WARN_UNINITIALIZED_AUTOS = YES_AGGRESSIVE;
				GCC_WARN_UNUSED_FUNCTION = YES;
				GCC_WARN_UNUSED_VARIABLE = YES;
				IPHONEOS_DEPLOYMENT_TARGET = 11.4;
				MTL_ENABLE_DEBUG_INFO = YES;
				ONLY_ACTIVE_ARCH = YES;
				SDKROOT = iphoneos;
				SWIFT_ACTIVE_COMPILATION_CONDITIONS = DEBUG;
				SWIFT_OPTIMIZATION_LEVEL = "-Onone";
			};
			name = Debug;
		};
		530A3C9321074D8200F6FF20 /* Release */ = {
			isa = XCBuildConfiguration;
			buildSettings = {
				ALWAYS_SEARCH_USER_PATHS = NO;
				CLANG_ANALYZER_NONNULL = YES;
				CLANG_ANALYZER_NUMBER_OBJECT_CONVERSION = YES_AGGRESSIVE;
				CLANG_CXX_LANGUAGE_STANDARD = "gnu++14";
				CLANG_CXX_LIBRARY = "libc++";
				CLANG_ENABLE_MODULES = YES;
				CLANG_ENABLE_OBJC_ARC = YES;
				CLANG_ENABLE_OBJC_WEAK = YES;
				CLANG_WARN_BLOCK_CAPTURE_AUTORELEASING = YES;
				CLANG_WARN_BOOL_CONVERSION = YES;
				CLANG_WARN_COMMA = YES;
				CLANG_WARN_CONSTANT_CONVERSION = YES;
				CLANG_WARN_DEPRECATED_OBJC_IMPLEMENTATIONS = YES;
				CLANG_WARN_DIRECT_OBJC_ISA_USAGE = YES_ERROR;
				CLANG_WARN_DOCUMENTATION_COMMENTS = YES;
				CLANG_WARN_EMPTY_BODY = YES;
				CLANG_WARN_ENUM_CONVERSION = YES;
				CLANG_WARN_INFINITE_RECURSION = YES;
				CLANG_WARN_INT_CONVERSION = YES;
				CLANG_WARN_NON_LITERAL_NULL_CONVERSION = YES;
				CLANG_WARN_OBJC_IMPLICIT_RETAIN_SELF = YES;
				CLANG_WARN_OBJC_LITERAL_CONVERSION = YES;
				CLANG_WARN_OBJC_ROOT_CLASS = YES_ERROR;
				CLANG_WARN_RANGE_LOOP_ANALYSIS = YES;
				CLANG_WARN_STRICT_PROTOTYPES = YES;
				CLANG_WARN_SUSPICIOUS_MOVE = YES;
				CLANG_WARN_UNGUARDED_AVAILABILITY = YES_AGGRESSIVE;
				CLANG_WARN_UNREACHABLE_CODE = YES;
				CLANG_WARN__DUPLICATE_METHOD_MATCH = YES;
				CODE_SIGN_IDENTITY = "iPhone Developer";
				COPY_PHASE_STRIP = NO;
				DEBUG_INFORMATION_FORMAT = "dwarf-with-dsym";
				ENABLE_NS_ASSERTIONS = NO;
				ENABLE_STRICT_OBJC_MSGSEND = YES;
				GCC_C_LANGUAGE_STANDARD = gnu11;
				GCC_NO_COMMON_BLOCKS = YES;
				GCC_WARN_64_TO_32_BIT_CONVERSION = YES;
				GCC_WARN_ABOUT_RETURN_TYPE = YES_ERROR;
				GCC_WARN_UNDECLARED_SELECTOR = YES;
				GCC_WARN_UNINITIALIZED_AUTOS = YES_AGGRESSIVE;
				GCC_WARN_UNUSED_FUNCTION = YES;
				GCC_WARN_UNUSED_VARIABLE = YES;
				IPHONEOS_DEPLOYMENT_TARGET = 11.4;
				MTL_ENABLE_DEBUG_INFO = NO;
				SDKROOT = iphoneos;
				SWIFT_COMPILATION_MODE = wholemodule;
				SWIFT_OPTIMIZATION_LEVEL = "-O";
				VALIDATE_PRODUCT = YES;
			};
			name = Release;
		};
		530A3C9521074D8200F6FF20 /* Debug */ = {
			isa = XCBuildConfiguration;
			buildSettings = {
				ASSETCATALOG_COMPILER_APPICON_NAME = AppIcon;
				CODE_SIGN_STYLE = Automatic;
				DEVELOPMENT_TEAM = 5SVZMKX9MU;
				INFOPLIST_FILE = goldbac/Info.plist;
				LD_RUNPATH_SEARCH_PATHS = (
					"$(inherited)",
					"@executable_path/Frameworks",
				);
				PRODUCT_BUNDLE_IDENTIFIER = "goldbac-Inc.goldbac";
				PRODUCT_NAME = "$(TARGET_NAME)";
				SWIFT_VERSION = 4.0;
				TARGETED_DEVICE_FAMILY = 1;
			};
			name = Debug;
		};
		530A3C9621074D8200F6FF20 /* Release */ = {
			isa = XCBuildConfiguration;
			buildSettings = {
				ASSETCATALOG_COMPILER_APPICON_NAME = AppIcon;
				CODE_SIGN_STYLE = Automatic;
				DEVELOPMENT_TEAM = 5SVZMKX9MU;
				INFOPLIST_FILE = goldbac/Info.plist;
				LD_RUNPATH_SEARCH_PATHS = (
					"$(inherited)",
					"@executable_path/Frameworks",
				);
				PRODUCT_BUNDLE_IDENTIFIER = "goldbac-Inc.goldbac";
				PRODUCT_NAME = "$(TARGET_NAME)";
				SWIFT_VERSION = 4.0;
				TARGETED_DEVICE_FAMILY = 1;
			};
			name = Release;
		};
/* End XCBuildConfiguration section */

/* Begin XCConfigurationList section */
		530A3C7A21074D8100F6FF20 /* Build configuration list for PBXProject "goldbac" */ = {
			isa = XCConfigurationList;
			buildConfigurations = (
				530A3C9221074D8200F6FF20 /* Debug */,
				530A3C9321074D8200F6FF20 /* Release */,
			);
			defaultConfigurationIsVisible = 0;
			defaultConfigurationName = Release;
		};
		530A3C9421074D8200F6FF20 /* Build configuration list for PBXNativeTarget "goldbac" */ = {
			isa = XCConfigurationList;
			buildConfigurations = (
				530A3C9521074D8200F6FF20 /* Debug */,
				530A3C9621074D8200F6FF20 /* Release */,
			);
			defaultConfigurationIsVisible = 0;
			defaultConfigurationName = Release;
		};
/* End XCConfigurationList section */

/* Begin XCVersionGroup section */
		530A3C8921074D8100F6FF20 /* goldbac.xcdatamodeld */ = {
			isa = XCVersionGroup;
			children = (
				530A3C8A21074D8100F6FF20 /* goldbac.xcdatamodel */,
			);
			currentVersion = 530A3C8A21074D8100F6FF20 /* goldbac.xcdatamodel */;
			path = goldbac.xcdatamodeld;
			sourceTree = "<group>";
			versionGroupType = wrapper.xcdatamodel;
		};
/* End XCVersionGroup section */
	};
	rootObject = 530A3C7721074D8100F6FF20 /* Project object */;
}
